
Microsoft Visual Studio Solution File, Format Version 12.00
# Visual Studio Version 17
VisualStudioVersion = 17.8.34309.116
MinimumVisualStudioVersion = 10.0.40219.1
Project("{FAE04EC0-301F-11D3-BF4B-00C04F79EFBC}") = "TMS.webapp", "TMS.webapp\TMS.webapp.csproj", "{540C5F6F-3F64-42CD-99DF-20A02FB56190}"
EndProject
Global
	GlobalSection(SolutionConfigurationPlatforms) = preSolution
		Debug|Any CPU = Debug|Any CPU
		Release|Any CPU = Release|Any CPU
	EndGlobalSection
	GlobalSection(ProjectConfigurationPlatforms) = postSolution
		{540C5F6F-3F64-42CD-99DF-20A02FB56190}.Debug|Any CPU.ActiveCfg = Debug|Any CPU
		{540C5F6F-3F64-42CD-99DF-20A02FB56190}.Debug|Any CPU.Build.0 = Debug|Any CPU
		{540C5F6F-3F64-42CD-99DF-20A02FB56190}.Release|Any CPU.ActiveCfg = Release|Any CPU
		{540C5F6F-3F64-42CD-99DF-20A02FB56190}.Release|Any CPU.Build.0 = Release|Any CPU
	EndGlobalSection
	GlobalSection(SolutionProperties) = preSolution
		HideSolutionNode = FALSE
	EndGlobalSection
	GlobalSection(ExtensibilityGlobals) = postSolution
		SolutionGuid = {E5C876E2-B6AB-4D0A-AFE2-A176EBC1CDA4}
	EndGlobalSection
EndGlobal
